
Microsoft Visual Studio Solution File, Format Version 12.00
# Visual Studio Version 17
VisualStudioVersion = 17.2.32519.379
MinimumVisualStudioVersion = 10.0.40219.1
Project("{9A19103F-16F7-4668-BE54-9A1E7A4F7556}") = "MyMongo.Infrastructure", "MyMongo.Infrastructure\MyMongo.Infrastructure.csproj", "{9DE654E5-6A3F-42B9-9E25-ACA56DB124AB}"
EndProject
Project("{9A19103F-16F7-4668-BE54-9A1E7A4F7556}") = "MyMongo.Api", "MyMongo.Api\MyMongo.Api.csproj", "{A955A85E-0B4F-4DB9-B2F1-9BD56F4BD0E2}"
EndProject
Project("{FAE04EC0-301F-11D3-BF4B-00C04F79EFBC}") = "MyMongo.DataAccess", "MyMongo.DataAccess\MyMongo.DataAccess.csproj", "{A2E23E2D-7385-4687-A757-409D9C09DDE6}"
EndProject
Global
	GlobalSection(SolutionConfigurationPlatforms) = preSolution
		Debug|Any CPU = Debug|Any CPU
		Release|Any CPU = Release|Any CPU
	EndGlobalSection
	GlobalSection(ProjectConfigurationPlatforms) = postSolution
		{9DE654E5-6A3F-42B9-9E25-ACA56DB124AB}.Debug|Any CPU.ActiveCfg = Debug|Any CPU
		{9DE654E5-6A3F-42B9-9E25-ACA56DB124AB}.Debug|Any CPU.Build.0 = Debug|Any CPU
		{9DE654E5-6A3F-42B9-9E25-ACA56DB124AB}.Release|Any CPU.ActiveCfg = Release|Any CPU
		{9DE654E5-6A3F-42B9-9E25-ACA56DB124AB}.Release|Any CPU.Build.0 = Release|Any CPU
		{A955A85E-0B4F-4DB9-B2F1-9BD56F4BD0E2}.Debug|Any CPU.ActiveCfg = Debug|Any CPU
		{A955A85E-0B4F-4DB9-B2F1-9BD56F4BD0E2}.Debug|Any CPU.Build.0 = Debug|Any CPU
		{A955A85E-0B4F-4DB9-B2F1-9BD56F4BD0E2}.Release|Any CPU.ActiveCfg = Release|Any CPU
		{A955A85E-0B4F-4DB9-B2F1-9BD56F4BD0E2}.Release|Any CPU.Build.0 = Release|Any CPU
		{A2E23E2D-7385-4687-A757-409D9C09DDE6}.Debug|Any CPU.ActiveCfg = Debug|Any CPU
		{A2E23E2D-7385-4687-A757-409D9C09DDE6}.Debug|Any CPU.Build.0 = Debug|Any CPU
		{A2E23E2D-7385-4687-A757-409D9C09DDE6}.Release|Any CPU.ActiveCfg = Release|Any CPU
		{A2E23E2D-7385-4687-A757-409D9C09DDE6}.Release|Any CPU.Build.0 = Release|Any CPU
	EndGlobalSection
	GlobalSection(SolutionProperties) = preSolution
		HideSolutionNode = FALSE
	EndGlobalSection
	GlobalSection(ExtensibilityGlobals) = postSolution
		SolutionGuid = {1fc0228f-7271-471f-8946-67a1608594f2}
	EndGlobalSection
EndGlobal
